
Microsoft Visual Studio Solution File, Format Version 12.00
# Visual Studio 15
VisualStudioVersion = 15.0.27428.2015
MinimumVisualStudioVersion = 10.0.40219.1
Project("{FAE04EC0-301F-11D3-BF4B-00C04F79EFBC}") = "MarsRover.Console", "MarsRover.Console\MarsRover.Console.csproj", "{91220775-87D0-4AFA-821E-5E7B00D443E3}"
EndProject
Project("{FAE04EC0-301F-11D3-BF4B-00C04F79EFBC}") = "MarsRover.Test", "..\MarsRover.Test\MarsRover.Test.csproj", "{8238E1C3-C2B1-455E-A429-13A56DDA3392}"
EndProject
Project("{FAE04EC0-301F-11D3-BF4B-00C04F79EFBC}") = "MarsRover", "..\MarsRover.Core\MarsRover\MarsRover.csproj", "{7726297D-40EA-47C9-880A-B24E84643505}"
EndProject
Project("{FAE04EC0-301F-11D3-BF4B-00C04F79EFBC}") = "Mars", "..\Mars\Mars.csproj", "{D87853E7-D4F9-42A6-A91A-A2CE3FF0C4C7}"
EndProject
Global
	GlobalSection(SolutionConfigurationPlatforms) = preSolution
		Debug|Any CPU = Debug|Any CPU
		Release|Any CPU = Release|Any CPU
	EndGlobalSection
	GlobalSection(ProjectConfigurationPlatforms) = postSolution
		{91220775-87D0-4AFA-821E-5E7B00D443E3}.Debug|Any CPU.ActiveCfg = Debug|Any CPU
		{91220775-87D0-4AFA-821E-5E7B00D443E3}.Debug|Any CPU.Build.0 = Debug|Any CPU
		{91220775-87D0-4AFA-821E-5E7B00D443E3}.Release|Any CPU.ActiveCfg = Release|Any CPU
		{91220775-87D0-4AFA-821E-5E7B00D443E3}.Release|Any CPU.Build.0 = Release|Any CPU
		{8238E1C3-C2B1-455E-A429-13A56DDA3392}.Debug|Any CPU.ActiveCfg = Debug|Any CPU
		{8238E1C3-C2B1-455E-A429-13A56DDA3392}.Debug|Any CPU.Build.0 = Debug|Any CPU
		{8238E1C3-C2B1-455E-A429-13A56DDA3392}.Release|Any CPU.ActiveCfg = Release|Any CPU
		{8238E1C3-C2B1-455E-A429-13A56DDA3392}.Release|Any CPU.Build.0 = Release|Any CPU
		{7726297D-40EA-47C9-880A-B24E84643505}.Debug|Any CPU.ActiveCfg = Debug|Any CPU
		{7726297D-40EA-47C9-880A-B24E84643505}.Debug|Any CPU.Build.0 = Debug|Any CPU
		{7726297D-40EA-47C9-880A-B24E84643505}.Release|Any CPU.ActiveCfg = Release|Any CPU
		{7726297D-40EA-47C9-880A-B24E84643505}.Release|Any CPU.Build.0 = Release|Any CPU
		{D87853E7-D4F9-42A6-A91A-A2CE3FF0C4C7}.Debug|Any CPU.ActiveCfg = Debug|Any CPU
		{D87853E7-D4F9-42A6-A91A-A2CE3FF0C4C7}.Debug|Any CPU.Build.0 = Debug|Any CPU
		{D87853E7-D4F9-42A6-A91A-A2CE3FF0C4C7}.Release|Any CPU.ActiveCfg = Release|Any CPU
		{D87853E7-D4F9-42A6-A91A-A2CE3FF0C4C7}.Release|Any CPU.Build.0 = Release|Any CPU
	EndGlobalSection
	GlobalSection(SolutionProperties) = preSolution
		HideSolutionNode = FALSE
	EndGlobalSection
	GlobalSection(ExtensibilityGlobals) = postSolution
		SolutionGuid = {76CF8EB2-4036-43B7-B36B-0C7B4B480191}
	EndGlobalSection
EndGlobal
